
Microsoft Visual Studio Solution File, Format Version 12.00
# Visual Studio Version 17
VisualStudioVersion = 17.2.32526.322
MinimumVisualStudioVersion = 10.0.40219.1
Project("{FAE04EC0-301F-11D3-BF4B-00C04F79EFBC}") = "ReadBook", "ReadBook\ReadBook.csproj", "{42A3DBCB-D7CE-464D-BA9F-7724C38623A5}"
EndProject
Project("{2150E333-8FDC-42A3-9474-1A3956D46DE8}") = "API", "API", "{B4909179-D0FD-419B-B532-1163392DA08B}"
EndProject
Project("{FAE04EC0-301F-11D3-BF4B-00C04F79EFBC}") = "Library", "Library\Library.csproj", "{C42DB374-C5CC-4322-ACB3-AE006FE8C47E}"
EndProject
Project("{FAE04EC0-301F-11D3-BF4B-00C04F79EFBC}") = "Interfaces", "Interfaces\Interfaces.csproj", "{734B2A0C-7B68-4B8C-A8E5-858754C6E06D}"
EndProject
Project("{FAE04EC0-301F-11D3-BF4B-00C04F79EFBC}") = "LoggerService", "LoggerService\LoggerService.csproj", "{E4B19DC0-FBD9-4CEA-B2AE-211D3676FF12}"
EndProject
Global
	GlobalSection(SolutionConfigurationPlatforms) = preSolution
		Debug|Any CPU = Debug|Any CPU
		Release|Any CPU = Release|Any CPU
	EndGlobalSection
	GlobalSection(ProjectConfigurationPlatforms) = postSolution
		{42A3DBCB-D7CE-464D-BA9F-7724C38623A5}.Debug|Any CPU.ActiveCfg = Debug|Any CPU
		{42A3DBCB-D7CE-464D-BA9F-7724C38623A5}.Debug|Any CPU.Build.0 = Debug|Any CPU
		{42A3DBCB-D7CE-464D-BA9F-7724C38623A5}.Release|Any CPU.ActiveCfg = Release|Any CPU
		{42A3DBCB-D7CE-464D-BA9F-7724C38623A5}.Release|Any CPU.Build.0 = Release|Any CPU
		{C42DB374-C5CC-4322-ACB3-AE006FE8C47E}.Debug|Any CPU.ActiveCfg = Debug|Any CPU
		{C42DB374-C5CC-4322-ACB3-AE006FE8C47E}.Debug|Any CPU.Build.0 = Debug|Any CPU
		{C42DB374-C5CC-4322-ACB3-AE006FE8C47E}.Release|Any CPU.ActiveCfg = Release|Any CPU
		{C42DB374-C5CC-4322-ACB3-AE006FE8C47E}.Release|Any CPU.Build.0 = Release|Any CPU
		{734B2A0C-7B68-4B8C-A8E5-858754C6E06D}.Debug|Any CPU.ActiveCfg = Debug|Any CPU
		{734B2A0C-7B68-4B8C-A8E5-858754C6E06D}.Debug|Any CPU.Build.0 = Debug|Any CPU
		{734B2A0C-7B68-4B8C-A8E5-858754C6E06D}.Release|Any CPU.ActiveCfg = Release|Any CPU
		{734B2A0C-7B68-4B8C-A8E5-858754C6E06D}.Release|Any CPU.Build.0 = Release|Any CPU
		{E4B19DC0-FBD9-4CEA-B2AE-211D3676FF12}.Debug|Any CPU.ActiveCfg = Debug|Any CPU
		{E4B19DC0-FBD9-4CEA-B2AE-211D3676FF12}.Debug|Any CPU.Build.0 = Debug|Any CPU
		{E4B19DC0-FBD9-4CEA-B2AE-211D3676FF12}.Release|Any CPU.ActiveCfg = Release|Any CPU
		{E4B19DC0-FBD9-4CEA-B2AE-211D3676FF12}.Release|Any CPU.Build.0 = Release|Any CPU
	EndGlobalSection
	GlobalSection(SolutionProperties) = preSolution
		HideSolutionNode = FALSE
	EndGlobalSection
	GlobalSection(NestedProjects) = preSolution
		{C42DB374-C5CC-4322-ACB3-AE006FE8C47E} = {B4909179-D0FD-419B-B532-1163392DA08B}
		{734B2A0C-7B68-4B8C-A8E5-858754C6E06D} = {B4909179-D0FD-419B-B532-1163392DA08B}
		{E4B19DC0-FBD9-4CEA-B2AE-211D3676FF12} = {B4909179-D0FD-419B-B532-1163392DA08B}
	EndGlobalSection
	GlobalSection(ExtensibilityGlobals) = postSolution
		SolutionGuid = {60E8D002-C673-4BF3-B136-50A5377E067C}
	EndGlobalSection
EndGlobal
